
Microsoft Visual Studio Solution File, Format Version 12.00
# Visual Studio Version 17
VisualStudioVersion = 17.0.32112.339
MinimumVisualStudioVersion = 10.0.40219.1
Project("{FAE04EC0-301F-11D3-BF4B-00C04F79EFBC}") = "AppBanco.Android", "AppBanco.Android\AppBanco.Android.csproj", "{1CF1B0DA-72AB-4197-BED0-28175F5FB767}"
EndProject
Project("{FAE04EC0-301F-11D3-BF4B-00C04F79EFBC}") = "AppBanco", "AppBanco\AppBanco.csproj", "{54721F95-0E32-45D2-A6F3-80D0C7326823}"
EndProject
Global
	GlobalSection(SolutionConfigurationPlatforms) = preSolution
		Debug|Any CPU = Debug|Any CPU
		Release|Any CPU = Release|Any CPU
	EndGlobalSection
	GlobalSection(ProjectConfigurationPlatforms) = postSolution
		{1CF1B0DA-72AB-4197-BED0-28175F5FB767}.Debug|Any CPU.ActiveCfg = Debug|Any CPU
		{1CF1B0DA-72AB-4197-BED0-28175F5FB767}.Debug|Any CPU.Build.0 = Debug|Any CPU
		{1CF1B0DA-72AB-4197-BED0-28175F5FB767}.Debug|Any CPU.Deploy.0 = Debug|Any CPU
		{1CF1B0DA-72AB-4197-BED0-28175F5FB767}.Release|Any CPU.ActiveCfg = Release|Any CPU
		{1CF1B0DA-72AB-4197-BED0-28175F5FB767}.Release|Any CPU.Build.0 = Release|Any CPU
		{1CF1B0DA-72AB-4197-BED0-28175F5FB767}.Release|Any CPU.Deploy.0 = Release|Any CPU
		{54721F95-0E32-45D2-A6F3-80D0C7326823}.Debug|Any CPU.ActiveCfg = Debug|Any CPU
		{54721F95-0E32-45D2-A6F3-80D0C7326823}.Debug|Any CPU.Build.0 = Debug|Any CPU
		{54721F95-0E32-45D2-A6F3-80D0C7326823}.Debug|Any CPU.Deploy.0 = Debug|Any CPU
		{54721F95-0E32-45D2-A6F3-80D0C7326823}.Release|Any CPU.ActiveCfg = Release|Any CPU
		{54721F95-0E32-45D2-A6F3-80D0C7326823}.Release|Any CPU.Build.0 = Release|Any CPU
		{54721F95-0E32-45D2-A6F3-80D0C7326823}.Release|Any CPU.Deploy.0 = Release|Any CPU
	EndGlobalSection
	GlobalSection(SolutionProperties) = preSolution
		HideSolutionNode = FALSE
	EndGlobalSection
	GlobalSection(ExtensibilityGlobals) = postSolution
		SolutionGuid = {5B6B973C-91F7-4737-A884-BAA69BD76867}
	EndGlobalSection
EndGlobal
